
Microsoft Visual Studio Solution File, Format Version 12.00
# Visual Studio Version 16
VisualStudioVersion = 16.0.30503.244
MinimumVisualStudioVersion = 10.0.40219.1
Project("{FAE04EC0-301F-11D3-BF4B-00C04F79EFBC}") = "Win10KittingAppWpfApp", "Win10KittingAppWpfApp.csproj", "{395126F8-EDC5-432E-B6FC-039253AC16BB}"
EndProject
Global
	GlobalSection(SolutionConfigurationPlatforms) = preSolution
		Debug|Any CPU = Debug|Any CPU
		Release|Any CPU = Release|Any CPU
	EndGlobalSection
	GlobalSection(ProjectConfigurationPlatforms) = postSolution
		{395126F8-EDC5-432E-B6FC-039253AC16BB}.Debug|Any CPU.ActiveCfg = Debug|Any CPU
		{395126F8-EDC5-432E-B6FC-039253AC16BB}.Debug|Any CPU.Build.0 = Debug|Any CPU
		{395126F8-EDC5-432E-B6FC-039253AC16BB}.Release|Any CPU.ActiveCfg = Release|Any CPU
		{395126F8-EDC5-432E-B6FC-039253AC16BB}.Release|Any CPU.Build.0 = Release|Any CPU
	EndGlobalSection
	GlobalSection(SolutionProperties) = preSolution
		HideSolutionNode = FALSE
	EndGlobalSection
	GlobalSection(ExtensibilityGlobals) = postSolution
		SolutionGuid = {DDEE6584-B573-4D27-A5BB-5EB476229F06}
	EndGlobalSection
EndGlobal
